// !$*UTF8*$!
{
	archiveVersion = 1;
	classes = {
	};
	objectVersion = 55;
	objects = {

/* Begin PBXBuildFile section */
		8A33455D27BB985A00F84676 /* AppDelegate.swift in Sources */ = {isa = PBXBuildFile; fileRef = 8A33455C27BB985A00F84676 /* AppDelegate.swift */; };
		8A33456627BB985C00F84676 /* Assets.xcassets in Resources */ = {isa = PBXBuildFile; fileRef = 8A33456527BB985C00F84676 /* Assets.xcassets */; };
		8A33456927BB985C00F84676 /* LaunchScreen.storyboard in Resources */ = {isa = PBXBuildFile; fileRef = 8A33456727BB985C00F84676 /* LaunchScreen.storyboard */; };
		8A823AD827BBD8E900F7C5BF /* AdsListViewController.swift in Sources */ = {isa = PBXBuildFile; fileRef = 8A823AD727BBD8E900F7C5BF /* AdsListViewController.swift */; };
		8A823ADC27BBDD6900F7C5BF /* InAppConfiguration.swift in Sources */ = {isa = PBXBuildFile; fileRef = 8A823ADB27BBDD6900F7C5BF /* InAppConfiguration.swift */; };
		8A823ADE27BBDE0700F7C5BF /* InterstitialViewController.swift in Sources */ = {isa = PBXBuildFile; fileRef = 8A823ADD27BBDE0700F7C5BF /* InterstitialViewController.swift */; };
		8A823AE027BBDE1900F7C5BF /* RewardedViewController.swift in Sources */ = {isa = PBXBuildFile; fileRef = 8A823ADF27BBDE1900F7C5BF /* RewardedViewController.swift */; };
		8A823AE227BBDE2400F7C5BF /* NativeViewController.swift in Sources */ = {isa = PBXBuildFile; fileRef = 8A823AE127BBDE2400F7C5BF /* NativeViewController.swift */; };
		8AE3FBBD27BBBDE800095E42 /* BannerViewController.swift in Sources */ = {isa = PBXBuildFile; fileRef = 8AE3FBBC27BBBDE800095E42 /* BannerViewController.swift */; };
		EA7B8AF15D8ADDDC205C2356 /* Pods_InAppExample.framework in Frameworks */ = {isa = PBXBuildFile; fileRef = FF9E96FF4D7C8DED52DA71D4 /* Pods_InAppExample.framework */; };
/* End PBXBuildFile section */

/* Begin PBXFileReference section */
		02235066C24361482C3296DB /* Pods-InAppExample.release.xcconfig */ = {isa = PBXFileReference; includeInIndex = 1; lastKnownFileType = text.xcconfig; name = "Pods-InAppExample.release.xcconfig"; path = "Target Support Files/Pods-InAppExample/Pods-InAppExample.release.xcconfig"; sourceTree = "<group>"; };
		8A33455927BB985A00F84676 /* InAppExample.app */ = {isa = PBXFileReference; explicitFileType = wrapper.application; includeInIndex = 0; path = InAppExample.app; sourceTree = BUILT_PRODUCTS_DIR; };
		8A33455C27BB985A00F84676 /* AppDelegate.swift */ = {isa = PBXFileReference; lastKnownFileType = sourcecode.swift; path = AppDelegate.swift; sourceTree = "<group>"; };
		8A33456527BB985C00F84676 /* Assets.xcassets */ = {isa = PBXFileReference; lastKnownFileType = folder.assetcatalog; path = Assets.xcassets; sourceTree = "<group>"; };
		8A33456827BB985C00F84676 /* Base */ = {isa = PBXFileReference; lastKnownFileType = file.storyboard; name = Base; path = Base.lproj/LaunchScreen.storyboard; sourceTree = "<group>"; };
		8A33456A27BB985C00F84676 /* Info.plist */ = {isa = PBXFileReference; lastKnownFileType = text.plist.xml; path = Info.plist; sourceTree = "<group>"; };
		8A823AD727BBD8E900F7C5BF /* AdsListViewController.swift */ = {isa = PBXFileReference; lastKnownFileType = sourcecode.swift; path = AdsListViewController.swift; sourceTree = "<group>"; };
		8A823ADB27BBDD6900F7C5BF /* InAppConfiguration.swift */ = {isa = PBXFileReference; lastKnownFileType = sourcecode.swift; path = InAppConfiguration.swift; sourceTree = "<group>"; };
		8A823ADD27BBDE0700F7C5BF /* InterstitialViewController.swift */ = {isa = PBXFileReference; lastKnownFileType = sourcecode.swift; path = InterstitialViewController.swift; sourceTree = "<group>"; };
		8A823ADF27BBDE1900F7C5BF /* RewardedViewController.swift */ = {isa = PBXFileReference; lastKnownFileType = sourcecode.swift; path = RewardedViewController.swift; sourceTree = "<group>"; };
		8A823AE127BBDE2400F7C5BF /* NativeViewController.swift */ = {isa = PBXFileReference; lastKnownFileType = sourcecode.swift; path = NativeViewController.swift; sourceTree = "<group>"; };
		8AE3FBBC27BBBDE800095E42 /* BannerViewController.swift */ = {isa = PBXFileReference; lastKnownFileType = sourcecode.swift; path = BannerViewController.swift; sourceTree = "<group>"; };
		A687E92735D0D230C500D7A6 /* Pods-InAppExample.debug.xcconfig */ = {isa = PBXFileReference; includeInIndex = 1; lastKnownFileType = text.xcconfig; name = "Pods-InAppExample.debug.xcconfig"; path = "Target Support Files/Pods-InAppExample/Pods-InAppExample.debug.xcconfig"; sourceTree = "<group>"; };
		FF9E96FF4D7C8DED52DA71D4 /* Pods_InAppExample.framework */ = {isa = PBXFileReference; explicitFileType = wrapper.framework; includeInIndex = 0; path = Pods_InAppExample.framework; sourceTree = BUILT_PRODUCTS_DIR; };
/* End PBXFileReference section */

/* Begin PBXFrameworksBuildPhase section */
		8A33455627BB985A00F84676 /* Frameworks */ = {
			isa = PBXFrameworksBuildPhase;
			buildActionMask = 2147483647;
			files = (
				EA7B8AF15D8ADDDC205C2356 /* Pods_InAppExample.framework in Frameworks */,
			);
			runOnlyForDeploymentPostprocessing = 0;
		};
/* End PBXFrameworksBuildPhase section */

/* Begin PBXGroup section */
		003C149232D1A751FE814FB9 /* Frameworks */ = {
			isa = PBXGroup;
			children = (
				FF9E96FF4D7C8DED52DA71D4 /* Pods_InAppExample.framework */,
			);
			name = Frameworks;
			sourceTree = "<group>";
		};
		8A33455027BB985A00F84676 = {
			isa = PBXGroup;
			children = (
				8A33455B27BB985A00F84676 /* InAppExample */,
				8A33455A27BB985A00F84676 /* Products */,
				B41D4DD46EA098500F4DC4F9 /* Pods */,
				003C149232D1A751FE814FB9 /* Frameworks */,
			);
			sourceTree = "<group>";
		};
		8A33455A27BB985A00F84676 /* Products */ = {
			isa = PBXGroup;
			children = (
				8A33455927BB985A00F84676 /* InAppExample.app */,
			);
			name = Products;
			sourceTree = "<group>";
		};
		8A33455B27BB985A00F84676 /* InAppExample */ = {
			isa = PBXGroup;
			children = (
				8AE3FBBA27BB9D8B00095E42 /* App */,
				8AE3FBBB27BB9D8F00095E42 /* Resources */,
				8A33456A27BB985C00F84676 /* Info.plist */,
			);
			path = InAppExample;
			sourceTree = "<group>";
		};
		8A823AD927BBDD4000F7C5BF /* Views */ = {
			isa = PBXGroup;
			children = (
				8A823AD727BBD8E900F7C5BF /* AdsListViewController.swift */,
				8AE3FBBC27BBBDE800095E42 /* BannerViewController.swift */,
				8A823ADD27BBDE0700F7C5BF /* InterstitialViewController.swift */,
				8A823ADF27BBDE1900F7C5BF /* RewardedViewController.swift */,
				8A823AE127BBDE2400F7C5BF /* NativeViewController.swift */,
			);
			path = Views;
			sourceTree = "<group>";
		};
		8A823ADA27BBDD5500F7C5BF /* Services */ = {
			isa = PBXGroup;
			children = (
				8A823ADB27BBDD6900F7C5BF /* InAppConfiguration.swift */,
			);
			path = Services;
			sourceTree = "<group>";
		};
		8AE3FBBA27BB9D8B00095E42 /* App */ = {
			isa = PBXGroup;
			children = (
				8A33455C27BB985A00F84676 /* AppDelegate.swift */,
				8A823AD927BBDD4000F7C5BF /* Views */,
				8A823ADA27BBDD5500F7C5BF /* Services */,
			);
			path = App;
			sourceTree = "<group>";
		};
		8AE3FBBB27BB9D8F00095E42 /* Resources */ = {
			isa = PBXGroup;
			children = (
				8A33456727BB985C00F84676 /* LaunchScreen.storyboard */,
				8A33456527BB985C00F84676 /* Assets.xcassets */,
			);
			path = Resources;
			sourceTree = "<group>";
		};
		B41D4DD46EA098500F4DC4F9 /* Pods */ = {
			isa = PBXGroup;
			children = (
				A687E92735D0D230C500D7A6 /* Pods-InAppExample.debug.xcconfig */,
				02235066C24361482C3296DB /* Pods-InAppExample.release.xcconfig */,
			);
			path = Pods;
			sourceTree = "<group>";
		};
/* End PBXGroup section */

/* Begin PBXNativeTarget section */
		8A33455827BB985A00F84676 /* InAppExample */ = {
			isa = PBXNativeTarget;
			buildConfigurationList = 8A33456D27BB985C00F84676 /* Build configuration list for PBXNativeTarget "InAppExample" */;
			buildPhases = (
				4676D96C1E2BB3E7940C0845 /* [CP] Check Pods Manifest.lock */,
				8A33455527BB985A00F84676 /* Sources */,
				8A33455627BB985A00F84676 /* Frameworks */,
				8A33455727BB985A00F84676 /* Resources */,
				02F34E46F2DCEB90385C35D7 /* [CP] Embed Pods Frameworks */,
			);
			buildRules = (
			);
			dependencies = (
			);
			name = InAppExample;
			productName = InAppExample;
			productReference = 8A33455927BB985A00F84676 /* InAppExample.app */;
			productType = "com.apple.product-type.application";
		};
/* End PBXNativeTarget section */

/* Begin PBXProject section */
		8A33455127BB985A00F84676 /* Project object */ = {
			isa = PBXProject;
			attributes = {
				BuildIndependentTargetsInParallel = 1;
				LastSwiftUpdateCheck = 1320;
				LastUpgradeCheck = 1320;
				ORGANIZATIONNAME = "Next Millennium Media";
				TargetAttributes = {
					8A33455827BB985A00F84676 = {
						CreatedOnToolsVersion = 13.2.1;
					};
				};
			};
			buildConfigurationList = 8A33455427BB985A00F84676 /* Build configuration list for PBXProject "InAppExample" */;
			compatibilityVersion = "Xcode 13.0";
			developmentRegion = en;
			hasScannedForEncodings = 0;
			knownRegions = (
				en,
				Base,
			);
			mainGroup = 8A33455027BB985A00F84676;
			productRefGroup = 8A33455A27BB985A00F84676 /* Products */;
			projectDirPath = "";
			projectRoot = "";
			targets = (
				8A33455827BB985A00F84676 /* InAppExample */,
			);
		};
/* End PBXProject section */

/* Begin PBXResourcesBuildPhase section */
		8A33455727BB985A00F84676 /* Resources */ = {
			isa = PBXResourcesBuildPhase;
			buildActionMask = 2147483647;
			files = (
				8A33456927BB985C00F84676 /* LaunchScreen.storyboard in Resources */,
				8A33456627BB985C00F84676 /* Assets.xcassets in Resources */,
			);
			runOnlyForDeploymentPostprocessing = 0;
		};
/* End PBXResourcesBuildPhase section */

/* Begin PBXShellScriptBuildPhase section */
		02F34E46F2DCEB90385C35D7 /* [CP] Embed Pods Frameworks */ = {
			isa = PBXShellScriptBuildPhase;
			buildActionMask = 2147483647;
			files = (
			);
			inputFileListPaths = (
				"${PODS_ROOT}/Target Support Files/Pods-InAppExample/Pods-InAppExample-frameworks-${CONFIGURATION}-input-files.xcfilelist",
			);
			name = "[CP] Embed Pods Frameworks";
			outputFileListPaths = (
				"${PODS_ROOT}/Target Support Files/Pods-InAppExample/Pods-InAppExample-frameworks-${CONFIGURATION}-output-files.xcfilelist",
			);
			runOnlyForDeploymentPostprocessing = 0;
			shellPath = /bin/sh;
			shellScript = "\"${PODS_ROOT}/Target Support Files/Pods-InAppExample/Pods-InAppExample-frameworks.sh\"\n";
			showEnvVarsInLog = 0;
		};
		4676D96C1E2BB3E7940C0845 /* [CP] Check Pods Manifest.lock */ = {
			isa = PBXShellScriptBuildPhase;
			buildActionMask = 2147483647;
			files = (
			);
			inputFileListPaths = (
			);
			inputPaths = (
				"${PODS_PODFILE_DIR_PATH}/Podfile.lock",
				"${PODS_ROOT}/Manifest.lock",
			);
			name = "[CP] Check Pods Manifest.lock";
			outputFileListPaths = (
			);
			outputPaths = (
				"$(DERIVED_FILE_DIR)/Pods-InAppExample-checkManifestLockResult.txt",
			);
			runOnlyForDeploymentPostprocessing = 0;
			shellPath = /bin/sh;
			shellScript = "diff \"${PODS_PODFILE_DIR_PATH}/Podfile.lock\" \"${PODS_ROOT}/Manifest.lock\" > /dev/null\nif [ $? != 0 ] ; then\n    # print error to STDERR\n    echo \"error: The sandbox is not in sync with the Podfile.lock. Run 'pod install' or update your CocoaPods installation.\" >&2\n    exit 1\nfi\n# This output is used by Xcode 'outputs' to avoid re-running this script phase.\necho \"SUCCESS\" > \"${SCRIPT_OUTPUT_FILE_0}\"\n";
			showEnvVarsInLog = 0;
		};
/* End PBXShellScriptBuildPhase section */

/* Begin PBXSourcesBuildPhase section */
		8A33455527BB985A00F84676 /* Sources */ = {
			isa = PBXSourcesBuildPhase;
			buildActionMask = 2147483647;
			files = (
				8AE3FBBD27BBBDE800095E42 /* BannerViewController.swift in Sources */,
				8A823AE227BBDE2400F7C5BF /* NativeViewController.swift in Sources */,
				8A823AD827BBD8E900F7C5BF /* AdsListViewController.swift in Sources */,
				8A823AE027BBDE1900F7C5BF /* RewardedViewController.swift in Sources */,
				8A33455D27BB985A00F84676 /* AppDelegate.swift in Sources */,
				8A823ADC27BBDD6900F7C5BF /* InAppConfiguration.swift in Sources */,
				8A823ADE27BBDE0700F7C5BF /* InterstitialViewController.swift in Sources */,
			);
			runOnlyForDeploymentPostprocessing = 0;
		};
/* End PBXSourcesBuildPhase section */

/* Begin PBXVariantGroup section */
		8A33456727BB985C00F84676 /* LaunchScreen.storyboard */ = {
			isa = PBXVariantGroup;
			children = (
				8A33456827BB985C00F84676 /* Base */,
			);
			name = LaunchScreen.storyboard;
			sourceTree = "<group>";
		};
/* End PBXVariantGroup section */

/* Begin XCBuildConfiguration section */
		8A33456B27BB985C00F84676 /* Debug */ = {
			isa = XCBuildConfiguration;
			buildSettings = {
				ALWAYS_SEARCH_USER_PATHS = NO;
				CLANG_ANALYZER_NONNULL = YES;
				CLANG_ANALYZER_NUMBER_OBJECT_CONVERSION = YES_AGGRESSIVE;
				CLANG_CXX_LANGUAGE_STANDARD = "gnu++17";
				CLANG_CXX_LIBRARY = "libc++";
				CLANG_ENABLE_MODULES = YES;
				CLANG_ENABLE_OBJC_ARC = YES;
				CLANG_ENABLE_OBJC_WEAK = YES;
				CLANG_WARN_BLOCK_CAPTURE_AUTORELEASING = YES;
				CLANG_WARN_BOOL_CONVERSION = YES;
				CLANG_WARN_COMMA = YES;
				CLANG_WARN_CONSTANT_CONVERSION = YES;
				CLANG_WARN_DEPRECATED_OBJC_IMPLEMENTATIONS = YES;
				CLANG_WARN_DIRECT_OBJC_ISA_USAGE = YES_ERROR;
				CLANG_WARN_DOCUMENTATION_COMMENTS = YES;
				CLANG_WARN_EMPTY_BODY = YES;
				CLANG_WARN_ENUM_CONVERSION = YES;
				CLANG_WARN_INFINITE_RECURSION = YES;
				CLANG_WARN_INT_CONVERSION = YES;
				CLANG_WARN_NON_LITERAL_NULL_CONVERSION = YES;
				CLANG_WARN_OBJC_IMPLICIT_RETAIN_SELF = YES;
				CLANG_WARN_OBJC_LITERAL_CONVERSION = YES;
				CLANG_WARN_OBJC_ROOT_CLASS = YES_ERROR;
				CLANG_WARN_QUOTED_INCLUDE_IN_FRAMEWORK_HEADER = YES;
				CLANG_WARN_RANGE_LOOP_ANALYSIS = YES;
				CLANG_WARN_STRICT_PROTOTYPES = YES;
				CLANG_WARN_SUSPICIOUS_MOVE = YES;
				CLANG_WARN_UNGUARDED_AVAILABILITY = YES_AGGRESSIVE;
				CLANG_WARN_UNREACHABLE_CODE = YES;
				CLANG_WARN__DUPLICATE_METHOD_MATCH = YES;
				COPY_PHASE_STRIP = NO;
				DEBUG_INFORMATION_FORMAT = dwarf;
				ENABLE_STRICT_OBJC_MSGSEND = YES;
				ENABLE_TESTABILITY = YES;
				GCC_C_LANGUAGE_STANDARD = gnu11;
				GCC_DYNAMIC_NO_PIC = NO;
				GCC_NO_COMMON_BLOCKS = YES;
				GCC_OPTIMIZATION_LEVEL = 0;
				GCC_PREPROCESSOR_DEFINITIONS = (
					"DEBUG=1",
					"$(inherited)",
				);
				GCC_WARN_64_TO_32_BIT_CONVERSION = YES;
				GCC_WARN_ABOUT_RETURN_TYPE = YES_ERROR;
				GCC_WARN_UNDECLARED_SELECTOR = YES;
				GCC_WARN_UNINITIALIZED_AUTOS = YES_AGGRESSIVE;
				GCC_WARN_UNUSED_FUNCTION = YES;
				GCC_WARN_UNUSED_VARIABLE = YES;
				IPHONEOS_DEPLOYMENT_TARGET = 15.0;
				MTL_ENABLE_DEBUG_INFO = INCLUDE_SOURCE;
				MTL_FAST_MATH = YES;
				ONLY_ACTIVE_ARCH = YES;
				SDKROOT = iphoneos;
				SWIFT_ACTIVE_COMPILATION_CONDITIONS = DEBUG;
				SWIFT_OPTIMIZATION_LEVEL = "-Onone";
			};
			name = Debug;
		};
		8A33456C27BB985C00F84676 /* Release */ = {
			isa = XCBuildConfiguration;
			buildSettings = {
				ALWAYS_SEARCH_USER_PATHS = NO;
				CLANG_ANALYZER_NONNULL = YES;
				CLANG_ANALYZER_NUMBER_OBJECT_CONVERSION = YES_AGGRESSIVE;
				CLANG_CXX_LANGUAGE_STANDARD = "gnu++17";
				CLANG_CXX_LIBRARY = "libc++";
				CLANG_ENABLE_MODULES = YES;
				CLANG_ENABLE_OBJC_ARC = YES;
				CLANG_ENABLE_OBJC_WEAK = YES;
				CLANG_WARN_BLOCK_CAPTURE_AUTORELEASING = YES;
				CLANG_WARN_BOOL_CONVERSION = YES;
				CLANG_WARN_COMMA = YES;
				CLANG_WARN_CONSTANT_CONVERSION = YES;
				CLANG_WARN_DEPRECATED_OBJC_IMPLEMENTATIONS = YES;
				CLANG_WARN_DIRECT_OBJC_ISA_USAGE = YES_ERROR;
				CLANG_WARN_DOCUMENTATION_COMMENTS = YES;
				CLANG_WARN_EMPTY_BODY = YES;
				CLANG_WARN_ENUM_CONVERSION = YES;
				CLANG_WARN_INFINITE_RECURSION = YES;
				CLANG_WARN_INT_CONVERSION = YES;
				CLANG_WARN_NON_LITERAL_NULL_CONVERSION = YES;
				CLANG_WARN_OBJC_IMPLICIT_RETAIN_SELF = YES;
				CLANG_WARN_OBJC_LITERAL_CONVERSION = YES;
				CLANG_WARN_OBJC_ROOT_CLASS = YES_ERROR;
				CLANG_WARN_QUOTED_INCLUDE_IN_FRAMEWORK_HEADER = YES;
				CLANG_WARN_RANGE_LOOP_ANALYSIS = YES;
				CLANG_WARN_STRICT_PROTOTYPES = YES;
				CLANG_WARN_SUSPICIOUS_MOVE = YES;
				CLANG_WARN_UNGUARDED_AVAILABILITY = YES_AGGRESSIVE;
				CLANG_WARN_UNREACHABLE_CODE = YES;
				CLANG_WARN__DUPLICATE_METHOD_MATCH = YES;
				COPY_PHASE_STRIP = NO;
				DEBUG_INFORMATION_FORMAT = "dwarf-with-dsym";
				ENABLE_NS_ASSERTIONS = NO;
				ENABLE_STRICT_OBJC_MSGSEND = YES;
				GCC_C_LANGUAGE_STANDARD = gnu11;
				GCC_NO_COMMON_BLOCKS = YES;
				GCC_WARN_64_TO_32_BIT_CONVERSION = YES;
				GCC_WARN_ABOUT_RETURN_TYPE = YES_ERROR;
				GCC_WARN_UNDECLARED_SELECTOR = YES;
				GCC_WARN_UNINITIALIZED_AUTOS = YES_AGGRESSIVE;
				GCC_WARN_UNUSED_FUNCTION = YES;
				GCC_WARN_UNUSED_VARIABLE = YES;
				IPHONEOS_DEPLOYMENT_TARGET = 15.0;
				MTL_ENABLE_DEBUG_INFO = NO;
				MTL_FAST_MATH = YES;
				SDKROOT = iphoneos;
				SWIFT_COMPILATION_MODE = wholemodule;
				SWIFT_OPTIMIZATION_LEVEL = "-O";
				VALIDATE_PRODUCT = YES;
			};
			name = Release;
		};
		8A33456E27BB985C00F84676 /* Debug */ = {
			isa = XCBuildConfiguration;
			baseConfigurationReference = A687E92735D0D230C500D7A6 /* Pods-InAppExample.debug.xcconfig */;
			buildSettings = {
				ASSETCATALOG_COMPILER_APPICON_NAME = AppIcon;
				ASSETCATALOG_COMPILER_GLOBAL_ACCENT_COLOR_NAME = AccentColor;
				CODE_SIGN_STYLE = Automatic;
				CURRENT_PROJECT_VERSION = 1;
				DEVELOPMENT_TEAM = 76P35GZ6U5;
				GENERATE_INFOPLIST_FILE = YES;
				INFOPLIST_FILE = InAppExample/Info.plist;
				INFOPLIST_KEY_UIApplicationSupportsIndirectInputEvents = YES;
				INFOPLIST_KEY_UILaunchStoryboardName = LaunchScreen;
				INFOPLIST_KEY_UISupportedInterfaceOrientations = UIInterfaceOrientationPortrait;
				INFOPLIST_KEY_UISupportedInterfaceOrientations_iPad = "UIInterfaceOrientationPortrait UIInterfaceOrientationPortraitUpsideDown UIInterfaceOrientationLandscapeLeft UIInterfaceOrientationLandscapeRight";
				INFOPLIST_KEY_UISupportedInterfaceOrientations_iPhone = "UIInterfaceOrientationPortrait UIInterfaceOrientationLandscapeLeft UIInterfaceOrientationLandscapeRight";
				LD_RUNPATH_SEARCH_PATHS = (
					"$(inherited)",
					"@executable_path/Frameworks",
				);
				MARKETING_VERSION = 1.0;
				PRODUCT_BUNDLE_IDENTIFIER = com.nextmillennium.inappexample;
				PRODUCT_NAME = "$(TARGET_NAME)";
				SWIFT_EMIT_LOC_STRINGS = YES;
				SWIFT_VERSION = 5.0;
				TARGETED_DEVICE_FAMILY = 1;
			};
			name = Debug;
		};
		8A33456F27BB985C00F84676 /* Release */ = {
			isa = XCBuildConfiguration;
			baseConfigurationReference = 02235066C24361482C3296DB /* Pods-InAppExample.release.xcconfig */;
			buildSettings = {
				ASSETCATALOG_COMPILER_APPICON_NAME = AppIcon;
				ASSETCATALOG_COMPILER_GLOBAL_ACCENT_COLOR_NAME = AccentColor;
				CODE_SIGN_STYLE = Automatic;
				CURRENT_PROJECT_VERSION = 1;
				DEVELOPMENT_TEAM = 76P35GZ6U5;
				GENERATE_INFOPLIST_FILE = YES;
				INFOPLIST_FILE = InAppExample/Info.plist;
				INFOPLIST_KEY_UIApplicationSupportsIndirectInputEvents = YES;
				INFOPLIST_KEY_UILaunchStoryboardName = LaunchScreen;
				INFOPLIST_KEY_UISupportedInterfaceOrientations = UIInterfaceOrientationPortrait;
				INFOPLIST_KEY_UISupportedInterfaceOrientations_iPad = "UIInterfaceOrientationPortrait UIInterfaceOrientationPortraitUpsideDown UIInterfaceOrientationLandscapeLeft UIInterfaceOrientationLandscapeRight";
				INFOPLIST_KEY_UISupportedInterfaceOrientations_iPhone = "UIInterfaceOrientationPortrait UIInterfaceOrientationLandscapeLeft UIInterfaceOrientationLandscapeRight";
				LD_RUNPATH_SEARCH_PATHS = (
					"$(inherited)",
					"@executable_path/Frameworks",
				);
				MARKETING_VERSION = 1.0;
				PRODUCT_BUNDLE_IDENTIFIER = com.nextmillennium.inappexample;
				PRODUCT_NAME = "$(TARGET_NAME)";
				SWIFT_EMIT_LOC_STRINGS = YES;
				SWIFT_VERSION = 5.0;
				TARGETED_DEVICE_FAMILY = 1;
			};
			name = Release;
		};
/* End XCBuildConfiguration section */

/* Begin XCConfigurationList section */
		8A33455427BB985A00F84676 /* Build configuration list for PBXProject "InAppExample" */ = {
			isa = XCConfigurationList;
			buildConfigurations = (
				8A33456B27BB985C00F84676 /* Debug */,
				8A33456C27BB985C00F84676 /* Release */,
			);
			defaultConfigurationIsVisible = 0;
			defaultConfigurationName = Release;
		};
		8A33456D27BB985C00F84676 /* Build configuration list for PBXNativeTarget "InAppExample" */ = {
			isa = XCConfigurationList;
			buildConfigurations = (
				8A33456E27BB985C00F84676 /* Debug */,
				8A33456F27BB985C00F84676 /* Release */,
			);
			defaultConfigurationIsVisible = 0;
			defaultConfigurationName = Release;
		};
/* End XCConfigurationList section */
	};
	rootObject = 8A33455127BB985A00F84676 /* Project object */;
}
